// !$*UTF8*$!
{
	archiveVersion = 1;
	classes = {
	};
	objectVersion = 46;
	objects = {

/* Begin PBXBuildFile section */
		830EC0501F47E26200136068 /* AppDelegate.swift in Sources */ = {isa = PBXBuildFile; fileRef = 830EC04F1F47E26200136068 /* AppDelegate.swift */; };
		830EC0521F47E26200136068 /* ViewController.swift in Sources */ = {isa = PBXBuildFile; fileRef = 830EC0511F47E26200136068 /* ViewController.swift */; };
		830EC0551F47E26200136068 /* Main.storyboard in Resources */ = {isa = PBXBuildFile; fileRef = 830EC0531F47E26200136068 /* Main.storyboard */; };
		830EC0571F47E26200136068 /* Assets.xcassets in Resources */ = {isa = PBXBuildFile; fileRef = 830EC0561F47E26200136068 /* Assets.xcassets */; };
		830EC05A1F47E26200136068 /* LaunchScreen.storyboard in Resources */ = {isa = PBXBuildFile; fileRef = 830EC0581F47E26200136068 /* LaunchScreen.storyboard */; };
		830EC0651F47E26200136068 /* TipCalculatorTests.swift in Sources */ = {isa = PBXBuildFile; fileRef = 830EC0641F47E26200136068 /* TipCalculatorTests.swift */; };
		830EC0701F47E26200136068 /* TipCalculatorUITests.swift in Sources */ = {isa = PBXBuildFile; fileRef = 830EC06F1F47E26200136068 /* TipCalculatorUITests.swift */; };
		83FA692E1F491B640094D9FA /* SettingsViewController.swift in Sources */ = {isa = PBXBuildFile; fileRef = 83FA692D1F491B640094D9FA /* SettingsViewController.swift */; };
/* End PBXBuildFile section */

/* Begin PBXContainerItemProxy section */
		830EC0611F47E26200136068 /* PBXContainerItemProxy */ = {
			isa = PBXContainerItemProxy;
			containerPortal = 830EC0441F47E26200136068 /* Project object */;
			proxyType = 1;
			remoteGlobalIDString = 830EC04B1F47E26200136068;
			remoteInfo = TipCalculator;
		};
		830EC06C1F47E26200136068 /* PBXContainerItemProxy */ = {
			isa = PBXContainerItemProxy;
			containerPortal = 830EC0441F47E26200136068 /* Project object */;
			proxyType = 1;
			remoteGlobalIDString = 830EC04B1F47E26200136068;
			remoteInfo = TipCalculator;
		};
/* End PBXContainerItemProxy section */

/* Begin PBXFileReference section */
		830EC04C1F47E26200136068 /* TipCalculator.app */ = {isa = PBXFileReference; explicitFileType = wrapper.application; includeInIndex = 0; path = TipCalculator.app; sourceTree = BUILT_PRODUCTS_DIR; };
		830EC04F1F47E26200136068 /* AppDelegate.swift */ = {isa = PBXFileReference; lastKnownFileType = sourcecode.swift; path = AppDelegate.swift; sourceTree = "<group>"; };
		830EC0511F47E26200136068 /* ViewController.swift */ = {isa = PBXFileReference; lastKnownFileType = sourcecode.swift; path = ViewController.swift; sourceTree = "<group>"; };
		830EC0541F47E26200136068 /* Base */ = {isa = PBXFileReference; lastKnownFileType = file.storyboard; name = Base; path = Base.lproj/Main.storyboard; sourceTree = "<group>"; };
		830EC0561F47E26200136068 /* Assets.xcassets */ = {isa = PBXFileReference; lastKnownFileType = folder.assetcatalog; path = Assets.xcassets; sourceTree = "<group>"; };
		830EC0591F47E26200136068 /* Base */ = {isa = PBXFileReference; lastKnownFileType = file.storyboard; name = Base; path = Base.lproj/LaunchScreen.storyboard; sourceTree = "<group>"; };
		830EC05B1F47E26200136068 /* Info.plist */ = {isa = PBXFileReference; lastKnownFileType = text.plist.xml; path = Info.plist; sourceTree = "<group>"; };
		830EC0601F47E26200136068 /* TipCalculatorTests.xctest */ = {isa = PBXFileReference; explicitFileType = wrapper.cfbundle; includeInIndex = 0; path = TipCalculatorTests.xctest; sourceTree = BUILT_PRODUCTS_DIR; };
		830EC0641F47E26200136068 /* TipCalculatorTests.swift */ = {isa = PBXFileReference; lastKnownFileType = sourcecode.swift; path = TipCalculatorTests.swift; sourceTree = "<group>"; };
		830EC0661F47E26200136068 /* Info.plist */ = {isa = PBXFileReference; lastKnownFileType = text.plist.xml; path = Info.plist; sourceTree = "<group>"; };
		830EC06B1F47E26200136068 /* TipCalculatorUITests.xctest */ = {isa = PBXFileReference; explicitFileType = wrapper.cfbundle; includeInIndex = 0; path = TipCalculatorUITests.xctest; sourceTree = BUILT_PRODUCTS_DIR; };
		830EC06F1F47E26200136068 /* TipCalculatorUITests.swift */ = {isa = PBXFileReference; lastKnownFileType = sourcecode.swift; path = TipCalculatorUITests.swift; sourceTree = "<group>"; };
		830EC0711F47E26200136068 /* Info.plist */ = {isa = PBXFileReference; lastKnownFileType = text.plist.xml; path = Info.plist; sourceTree = "<group>"; };
		83FA692D1F491B640094D9FA /* SettingsViewController.swift */ = {isa = PBXFileReference; fileEncoding = 4; lastKnownFileType = sourcecode.swift; path = SettingsViewController.swift; sourceTree = "<group>"; };
/* End PBXFileReference section */

/* Begin PBXFrameworksBuildPhase section */
		830EC0491F47E26200136068 /* Frameworks */ = {
			isa = PBXFrameworksBuildPhase;
			buildActionMask = 2147483647;
			files = (
			);
			runOnlyForDeploymentPostprocessing = 0;
		};
		830EC05D1F47E26200136068 /* Frameworks */ = {
			isa = PBXFrameworksBuildPhase;
			buildActionMask = 2147483647;
			files = (
			);
			runOnlyForDeploymentPostprocessing = 0;
		};
		830EC0681F47E26200136068 /* Frameworks */ = {
			isa = PBXFrameworksBuildPhase;
			buildActionMask = 2147483647;
			files = (
			);
			runOnlyForDeploymentPostprocessing = 0;
		};
/* End PBXFrameworksBuildPhase section */

/* Begin PBXGroup section */
		830EC0431F47E26100136068 = {
			isa = PBXGroup;
			children = (
				830EC04E1F47E26200136068 /* TipCalculator */,
				830EC0631F47E26200136068 /* TipCalculatorTests */,
				830EC06E1F47E26200136068 /* TipCalculatorUITests */,
				830EC04D1F47E26200136068 /* Products */,
			);
			sourceTree = "<group>";
		};
		830EC04D1F47E26200136068 /* Products */ = {
			isa = PBXGroup;
			children = (
				830EC04C1F47E26200136068 /* TipCalculator.app */,
				830EC0601F47E26200136068 /* TipCalculatorTests.xctest */,
				830EC06B1F47E26200136068 /* TipCalculatorUITests.xctest */,
			);
			name = Products;
			sourceTree = "<group>";
		};
		830EC04E1F47E26200136068 /* TipCalculator */ = {
			isa = PBXGroup;
			children = (
				83FA692D1F491B640094D9FA /* SettingsViewController.swift */,
				830EC04F1F47E26200136068 /* AppDelegate.swift */,
				830EC0511F47E26200136068 /* ViewController.swift */,
				830EC0531F47E26200136068 /* Main.storyboard */,
				830EC0561F47E26200136068 /* Assets.xcassets */,
				830EC0581F47E26200136068 /* LaunchScreen.storyboard */,
				830EC05B1F47E26200136068 /* Info.plist */,
			);
			path = TipCalculator;
			sourceTree = "<group>";
		};
		830EC0631F47E26200136068 /* TipCalculatorTests */ = {
			isa = PBXGroup;
			children = (
				830EC0641F47E26200136068 /* TipCalculatorTests.swift */,
				830EC0661F47E26200136068 /* Info.plist */,
			);
			path = TipCalculatorTests;
			sourceTree = "<group>";
		};
		830EC06E1F47E26200136068 /* TipCalculatorUITests */ = {
			isa = PBXGroup;
			children = (
				830EC06F1F47E26200136068 /* TipCalculatorUITests.swift */,
				830EC0711F47E26200136068 /* Info.plist */,
			);
			path = TipCalculatorUITests;
			sourceTree = "<group>";
		};
/* End PBXGroup section */

/* Begin PBXNativeTarget section */
		830EC04B1F47E26200136068 /* TipCalculator */ = {
			isa = PBXNativeTarget;
			buildConfigurationList = 830EC0741F47E26200136068 /* Build configuration list for PBXNativeTarget "TipCalculator" */;
			buildPhases = (
				830EC0481F47E26200136068 /* Sources */,
				830EC0491F47E26200136068 /* Frameworks */,
				830EC04A1F47E26200136068 /* Resources */,
			);
			buildRules = (
			);
			dependencies = (
			);
			name = TipCalculator;
			productName = TipCalculator;
			productReference = 830EC04C1F47E26200136068 /* TipCalculator.app */;
			productType = "com.apple.product-type.application";
		};
		830EC05F1F47E26200136068 /* TipCalculatorTests */ = {
			isa = PBXNativeTarget;
			buildConfigurationList = 830EC0771F47E26200136068 /* Build configuration list for PBXNativeTarget "TipCalculatorTests" */;
			buildPhases = (
				830EC05C1F47E26200136068 /* Sources */,
				830EC05D1F47E26200136068 /* Frameworks */,
				830EC05E1F47E26200136068 /* Resources */,
			);
			buildRules = (
			);
			dependencies = (
				830EC0621F47E26200136068 /* PBXTargetDependency */,
			);
			name = TipCalculatorTests;
			productName = TipCalculatorTests;
			productReference = 830EC0601F47E26200136068 /* TipCalculatorTests.xctest */;
			productType = "com.apple.product-type.bundle.unit-test";
		};
		830EC06A1F47E26200136068 /* TipCalculatorUITests */ = {
			isa = PBXNativeTarget;
			buildConfigurationList = 830EC07A1F47E26200136068 /* Build configuration list for PBXNativeTarget "TipCalculatorUITests" */;
			buildPhases = (
				830EC0671F47E26200136068 /* Sources */,
				830EC0681F47E26200136068 /* Frameworks */,
				830EC0691F47E26200136068 /* Resources */,
			);
			buildRules = (
			);
			dependencies = (
				830EC06D1F47E26200136068 /* PBXTargetDependency */,
			);
			name = TipCalculatorUITests;
			productName = TipCalculatorUITests;
			productReference = 830EC06B1F47E26200136068 /* TipCalculatorUITests.xctest */;
			productType = "com.apple.product-type.bundle.ui-testing";
		};
/* End PBXNativeTarget section */

/* Begin PBXProject section */
		830EC0441F47E26200136068 /* Project object */ = {
			isa = PBXProject;
			attributes = {
				LastSwiftUpdateCheck = 0830;
				LastUpgradeCheck = 0830;
				ORGANIZATIONNAME = "Jing Welch";
				TargetAttributes = {
					830EC04B1F47E26200136068 = {
						CreatedOnToolsVersion = 8.3.3;
						ProvisioningStyle = Automatic;
					};
					830EC05F1F47E26200136068 = {
						CreatedOnToolsVersion = 8.3.3;
						ProvisioningStyle = Automatic;
						TestTargetID = 830EC04B1F47E26200136068;
					};
					830EC06A1F47E26200136068 = {
						CreatedOnToolsVersion = 8.3.3;
						ProvisioningStyle = Automatic;
						TestTargetID = 830EC04B1F47E26200136068;
					};
				};
			};
			buildConfigurationList = 830EC0471F47E26200136068 /* Build configuration list for PBXProject "TipCalculator" */;
			compatibilityVersion = "Xcode 3.2";
			developmentRegion = English;
			hasScannedForEncodings = 0;
			knownRegions = (
				en,
				Base,
			);
			mainGroup = 830EC0431F47E26100136068;
			productRefGroup = 830EC04D1F47E26200136068 /* Products */;
			projectDirPath = "";
			projectRoot = "";
			targets = (
				830EC04B1F47E26200136068 /* TipCalculator */,
				830EC05F1F47E26200136068 /* TipCalculatorTests */,
				830EC06A1F47E26200136068 /* TipCalculatorUITests */,
			);
		};
/* End PBXProject section */

/* Begin PBXResourcesBuildPhase section */
		830EC04A1F47E26200136068 /* Resources */ = {
			isa = PBXResourcesBuildPhase;
			buildActionMask = 2147483647;
			files = (
				830EC05A1F47E26200136068 /* LaunchScreen.storyboard in Resources */,
				830EC0571F47E26200136068 /* Assets.xcassets in Resources */,
				830EC0551F47E26200136068 /* Main.storyboard in Resources */,
			);
			runOnlyForDeploymentPostprocessing = 0;
		};
		830EC05E1F47E26200136068 /* Resources */ = {
			isa = PBXResourcesBuildPhase;
			buildActionMask = 2147483647;
			files = (
			);
			runOnlyForDeploymentPostprocessing = 0;
		};
		830EC0691F47E26200136068 /* Resources */ = {
			isa = PBXResourcesBuildPhase;
			buildActionMask = 2147483647;
			files = (
			);
			runOnlyForDeploymentPostprocessing = 0;
		};
/* End PBXResourcesBuildPhase section */

/* Begin PBXSourcesBuildPhase section */
		830EC0481F47E26200136068 /* Sources */ = {
			isa = PBXSourcesBuildPhase;
			buildActionMask = 2147483647;
			files = (
				830EC0521F47E26200136068 /* ViewController.swift in Sources */,
				830EC0501F47E26200136068 /* AppDelegate.swift in Sources */,
				83FA692E1F491B640094D9FA /* SettingsViewController.swift in Sources */,
			);
			runOnlyForDeploymentPostprocessing = 0;
		};
		830EC05C1F47E26200136068 /* Sources */ = {
			isa = PBXSourcesBuildPhase;
			buildActionMask = 2147483647;
			files = (
				830EC0651F47E26200136068 /* TipCalculatorTests.swift in Sources */,
			);
			runOnlyForDeploymentPostprocessing = 0;
		};
		830EC0671F47E26200136068 /* Sources */ = {
			isa = PBXSourcesBuildPhase;
			buildActionMask = 2147483647;
			files = (
				830EC0701F47E26200136068 /* TipCalculatorUITests.swift in Sources */,
			);
			runOnlyForDeploymentPostprocessing = 0;
		};
/* End PBXSourcesBuildPhase section */

/* Begin PBXTargetDependency section */
		830EC0621F47E26200136068 /* PBXTargetDependency */ = {
			isa = PBXTargetDependency;
			target = 830EC04B1F47E26200136068 /* TipCalculator */;
			targetProxy = 830EC0611F47E26200136068 /* PBXContainerItemProxy */;
		};
		830EC06D1F47E26200136068 /* PBXTargetDependency */ = {
			isa = PBXTargetDependency;
			target = 830EC04B1F47E26200136068 /* TipCalculator */;
			targetProxy = 830EC06C1F47E26200136068 /* PBXContainerItemProxy */;
		};
/* End PBXTargetDependency section */

/* Begin PBXVariantGroup section */
		830EC0531F47E26200136068 /* Main.storyboard */ = {
			isa = PBXVariantGroup;
			children = (
				830EC0541F47E26200136068 /* Base */,
			);
			name = Main.storyboard;
			sourceTree = "<group>";
		};
		830EC0581F47E26200136068 /* LaunchScreen.storyboard */ = {
			isa = PBXVariantGroup;
			children = (
				830EC0591F47E26200136068 /* Base */,
			);
			name = LaunchScreen.storyboard;
			sourceTree = "<group>";
		};
/* End PBXVariantGroup section */

/* Begin XCBuildConfiguration section */
		830EC0721F47E26200136068 /* Debug */ = {
			isa = XCBuildConfiguration;
			buildSettings = {
				ALWAYS_SEARCH_USER_PATHS = NO;
				CLANG_ANALYZER_NONNULL = YES;
				CLANG_ANALYZER_NUMBER_OBJECT_CONVERSION = YES_AGGRESSIVE;
				CLANG_CXX_LANGUAGE_STANDARD = "gnu++0x";
				CLANG_CXX_LIBRARY = "libc++";
				CLANG_ENABLE_MODULES = YES;
				CLANG_ENABLE_OBJC_ARC = YES;
				CLANG_WARN_BOOL_CONVERSION = YES;
				CLANG_WARN_CONSTANT_CONVERSION = YES;
				CLANG_WARN_DIRECT_OBJC_ISA_USAGE = YES_ERROR;
				CLANG_WARN_DOCUMENTATION_COMMENTS = YES;
				CLANG_WARN_EMPTY_BODY = YES;
				CLANG_WARN_ENUM_CONVERSION = YES;
				CLANG_WARN_INFINITE_RECURSION = YES;
				CLANG_WARN_INT_CONVERSION = YES;
				CLANG_WARN_OBJC_ROOT_CLASS = YES_ERROR;
				CLANG_WARN_SUSPICIOUS_MOVE = YES;
				CLANG_WARN_UNREACHABLE_CODE = YES;
				CLANG_WARN__DUPLICATE_METHOD_MATCH = YES;
				"CODE_SIGN_IDENTITY[sdk=iphoneos*]" = "iPhone Developer";
				COPY_PHASE_STRIP = NO;
				DEBUG_INFORMATION_FORMAT = dwarf;
				ENABLE_STRICT_OBJC_MSGSEND = YES;
				ENABLE_TESTABILITY = YES;
				GCC_C_LANGUAGE_STANDARD = gnu99;
				GCC_DYNAMIC_NO_PIC = NO;
				GCC_NO_COMMON_BLOCKS = YES;
				GCC_OPTIMIZATION_LEVEL = 0;
				GCC_PREPROCESSOR_DEFINITIONS = (
					"DEBUG=1",
					"$(inherited)",
				);
				GCC_WARN_64_TO_32_BIT_CONVERSION = YES;
				GCC_WARN_ABOUT_RETURN_TYPE = YES_ERROR;
				GCC_WARN_UNDECLARED_SELECTOR = YES;
				GCC_WARN_UNINITIALIZED_AUTOS = YES_AGGRESSIVE;
				GCC_WARN_UNUSED_FUNCTION = YES;
				GCC_WARN_UNUSED_VARIABLE = YES;
				IPHONEOS_DEPLOYMENT_TARGET = 10.3;
				MTL_ENABLE_DEBUG_INFO = YES;
				ONLY_ACTIVE_ARCH = YES;
				SDKROOT = iphoneos;
				SWIFT_ACTIVE_COMPILATION_CONDITIONS = DEBUG;
				SWIFT_OPTIMIZATION_LEVEL = "-Onone";
			};
			name = Debug;
		};
		830EC0731F47E26200136068 /* Release */ = {
			isa = XCBuildConfiguration;
			buildSettings = {
				ALWAYS_SEARCH_USER_PATHS = NO;
				CLANG_ANALYZER_NONNULL = YES;
				CLANG_ANALYZER_NUMBER_OBJECT_CONVERSION = YES_AGGRESSIVE;
				CLANG_CXX_LANGUAGE_STANDARD = "gnu++0x";
				CLANG_CXX_LIBRARY = "libc++";
				CLANG_ENABLE_MODULES = YES;
				CLANG_ENABLE_OBJC_ARC = YES;
				CLANG_WARN_BOOL_CONVERSION = YES;
				CLANG_WARN_CONSTANT_CONVERSION = YES;
				CLANG_WARN_DIRECT_OBJC_ISA_USAGE = YES_ERROR;
				CLANG_WARN_DOCUMENTATION_COMMENTS = YES;
				CLANG_WARN_EMPTY_BODY = YES;
				CLANG_WARN_ENUM_CONVERSION = YES;
				CLANG_WARN_INFINITE_RECURSION = YES;
				CLANG_WARN_INT_CONVERSION = YES;
				CLANG_WARN_OBJC_ROOT_CLASS = YES_ERROR;
				CLANG_WARN_SUSPICIOUS_MOVE = YES;
				CLANG_WARN_UNREACHABLE_CODE = YES;
				CLANG_WARN__DUPLICATE_METHOD_MATCH = YES;
				"CODE_SIGN_IDENTITY[sdk=iphoneos*]" = "iPhone Developer";
				COPY_PHASE_STRIP = NO;
				DEBUG_INFORMATION_FORMAT = "dwarf-with-dsym";
				ENABLE_NS_ASSERTIONS = NO;
				ENABLE_STRICT_OBJC_MSGSEND = YES;
				GCC_C_LANGUAGE_STANDARD = gnu99;
				GCC_NO_COMMON_BLOCKS = YES;
				GCC_WARN_64_TO_32_BIT_CONVERSION = YES;
				GCC_WARN_ABOUT_RETURN_TYPE = YES_ERROR;
				GCC_WARN_UNDECLARED_SELECTOR = YES;
				GCC_WARN_UNINITIALIZED_AUTOS = YES_AGGRESSIVE;
				GCC_WARN_UNUSED_FUNCTION = YES;
				GCC_WARN_UNUSED_VARIABLE = YES;
				IPHONEOS_DEPLOYMENT_TARGET = 10.3;
				MTL_ENABLE_DEBUG_INFO = NO;
				SDKROOT = iphoneos;
				SWIFT_OPTIMIZATION_LEVEL = "-Owholemodule";
				VALIDATE_PRODUCT = YES;
			};
			name = Release;
		};
		830EC0751F47E26200136068 /* Debug */ = {
			isa = XCBuildConfiguration;
			buildSettings = {
				ASSETCATALOG_COMPILER_APPICON_NAME = AppIcon;
				INFOPLIST_FILE = TipCalculator/Info.plist;
				LD_RUNPATH_SEARCH_PATHS = "$(inherited) @executable_path/Frameworks";
				PRODUCT_BUNDLE_IDENTIFIER = CodePath.TipCalculator;
				PRODUCT_NAME = "$(TARGET_NAME)";
				SWIFT_VERSION = 3.0;
			};
			name = Debug;
		};
		830EC0761F47E26200136068 /* Release */ = {
			isa = XCBuildConfiguration;
			buildSettings = {
				ASSETCATALOG_COMPILER_APPICON_NAME = AppIcon;
				INFOPLIST_FILE = TipCalculator/Info.plist;
				LD_RUNPATH_SEARCH_PATHS = "$(inherited) @executable_path/Frameworks";
				PRODUCT_BUNDLE_IDENTIFIER = CodePath.TipCalculator;
				PRODUCT_NAME = "$(TARGET_NAME)";
				SWIFT_VERSION = 3.0;
			};
			name = Release;
		};
		830EC0781F47E26200136068 /* Debug */ = {
			isa = XCBuildConfiguration;
			buildSettings = {
				ALWAYS_EMBED_SWIFT_STANDARD_LIBRARIES = YES;
				BUNDLE_LOADER = "$(TEST_HOST)";
				INFOPLIST_FILE = TipCalculatorTests/Info.plist;
				LD_RUNPATH_SEARCH_PATHS = "$(inherited) @executable_path/Frameworks @loader_path/Frameworks";
				PRODUCT_BUNDLE_IDENTIFIER = CodePath.TipCalculatorTests;
				PRODUCT_NAME = "$(TARGET_NAME)";
				SWIFT_VERSION = 3.0;
				TEST_HOST = "$(BUILT_PRODUCTS_DIR)/TipCalculator.app/TipCalculator";
			};
			name = Debug;
		};
		830EC0791F47E26200136068 /* Release */ = {
			isa = XCBuildConfiguration;
			buildSettings = {
				ALWAYS_EMBED_SWIFT_STANDARD_LIBRARIES = YES;
				BUNDLE_LOADER = "$(TEST_HOST)";
				INFOPLIST_FILE = TipCalculatorTests/Info.plist;
				LD_RUNPATH_SEARCH_PATHS = "$(inherited) @executable_path/Frameworks @loader_path/Frameworks";
				PRODUCT_BUNDLE_IDENTIFIER = CodePath.TipCalculatorTests;
				PRODUCT_NAME = "$(TARGET_NAME)";
				SWIFT_VERSION = 3.0;
				TEST_HOST = "$(BUILT_PRODUCTS_DIR)/TipCalculator.app/TipCalculator";
			};
			name = Release;
		};
		830EC07B1F47E26200136068 /* Debug */ = {
			isa = XCBuildConfiguration;
			buildSettings = {
				ALWAYS_EMBED_SWIFT_STANDARD_LIBRARIES = YES;
				INFOPLIST_FILE = TipCalculatorUITests/Info.plist;
				LD_RUNPATH_SEARCH_PATHS = "$(inherited) @executable_path/Frameworks @loader_path/Frameworks";
				PRODUCT_BUNDLE_IDENTIFIER = CodePath.TipCalculatorUITests;
				PRODUCT_NAME = "$(TARGET_NAME)";
				SWIFT_VERSION = 3.0;
				TEST_TARGET_NAME = TipCalculator;
			};
			name = Debug;
		};
		830EC07C1F47E26200136068 /* Release */ = {
			isa = XCBuildConfiguration;
			buildSettings = {
				ALWAYS_EMBED_SWIFT_STANDARD_LIBRARIES = YES;
				INFOPLIST_FILE = TipCalculatorUITests/Info.plist;
				LD_RUNPATH_SEARCH_PATHS = "$(inherited) @executable_path/Frameworks @loader_path/Frameworks";
				PRODUCT_BUNDLE_IDENTIFIER = CodePath.TipCalculatorUITests;
				PRODUCT_NAME = "$(TARGET_NAME)";
				SWIFT_VERSION = 3.0;
				TEST_TARGET_NAME = TipCalculator;
			};
			name = Release;
		};
/* End XCBuildConfiguration section */

/* Begin XCConfigurationList section */
		830EC0471F47E26200136068 /* Build configuration list for PBXProject "TipCalculator" */ = {
			isa = XCConfigurationList;
			buildConfigurations = (
				830EC0721F47E26200136068 /* Debug */,
				830EC0731F47E26200136068 /* Release */,
			);
			defaultConfigurationIsVisible = 0;
			defaultConfigurationName = Release;
		};
		830EC0741F47E26200136068 /* Build configuration list for PBXNativeTarget "TipCalculator" */ = {
			isa = XCConfigurationList;
			buildConfigurations = (
				830EC0751F47E26200136068 /* Debug */,
				830EC0761F47E26200136068 /* Release */,
			);
			defaultConfigurationIsVisible = 0;
			defaultConfigurationName = Release;
		};
		830EC0771F47E26200136068 /* Build configuration list for PBXNativeTarget "TipCalculatorTests" */ = {
			isa = XCConfigurationList;
			buildConfigurations = (
				830EC0781F47E26200136068 /* Debug */,
				830EC0791F47E26200136068 /* Release */,
			);
			defaultConfigurationIsVisible = 0;
			defaultConfigurationName = Release;
		};
		830EC07A1F47E26200136068 /* Build configuration list for PBXNativeTarget "TipCalculatorUITests" */ = {
			isa = XCConfigurationList;
			buildConfigurations = (
				830EC07B1F47E26200136068 /* Debug */,
				830EC07C1F47E26200136068 /* Release */,
			);
			defaultConfigurationIsVisible = 0;
			defaultConfigurationName = Release;
		};
/* End XCConfigurationList section */
	};
	rootObject = 830EC0441F47E26200136068 /* Project object */;
}
